
Microsoft Visual Studio Solution File, Format Version 12.00
# Visual Studio Version 17
VisualStudioVersion = 17.2.32602.215
MinimumVisualStudioVersion = 10.0.40219.1
Project("{FAE04EC0-301F-11D3-BF4B-00C04F79EFBC}") = "Mod10_Ex1", "Mod10_Ex1\Mod10_Ex1.csproj", "{DA9F0F34-3046-43C8-B751-3D6C43554ADC}"
EndProject
Global
	GlobalSection(SolutionConfigurationPlatforms) = preSolution
		Debug|Any CPU = Debug|Any CPU
		Release|Any CPU = Release|Any CPU
	EndGlobalSection
	GlobalSection(ProjectConfigurationPlatforms) = postSolution
		{DA9F0F34-3046-43C8-B751-3D6C43554ADC}.Debug|Any CPU.ActiveCfg = Debug|Any CPU
		{DA9F0F34-3046-43C8-B751-3D6C43554ADC}.Debug|Any CPU.Build.0 = Debug|Any CPU
		{DA9F0F34-3046-43C8-B751-3D6C43554ADC}.Release|Any CPU.ActiveCfg = Release|Any CPU
		{DA9F0F34-3046-43C8-B751-3D6C43554ADC}.Release|Any CPU.Build.0 = Release|Any CPU
	EndGlobalSection
	GlobalSection(SolutionProperties) = preSolution
		HideSolutionNode = FALSE
	EndGlobalSection
	GlobalSection(ExtensibilityGlobals) = postSolution
		SolutionGuid = {6DA8DD00-AEDD-48F1-B64C-D776A49A6757}
	EndGlobalSection
EndGlobal
