
Microsoft Visual Studio Solution File, Format Version 12.00
# Visual Studio Version 16
VisualStudioVersion = 16.0.30709.132
MinimumVisualStudioVersion = 10.0.40219.1
Project("{FAE04EC0-301F-11D3-BF4B-00C04F79EFBC}") = "Biblioteca", "Biblioteca\Biblioteca.csproj", "{7B8D1FFD-D6F0-4A00-91CB-8E7D1EC24F50}"
EndProject
Global
	GlobalSection(SolutionConfigurationPlatforms) = preSolution
		Debug|Any CPU = Debug|Any CPU
		Release|Any CPU = Release|Any CPU
	EndGlobalSection
	GlobalSection(ProjectConfigurationPlatforms) = postSolution
		{7B8D1FFD-D6F0-4A00-91CB-8E7D1EC24F50}.Debug|Any CPU.ActiveCfg = Debug|Any CPU
		{7B8D1FFD-D6F0-4A00-91CB-8E7D1EC24F50}.Debug|Any CPU.Build.0 = Debug|Any CPU
		{7B8D1FFD-D6F0-4A00-91CB-8E7D1EC24F50}.Release|Any CPU.ActiveCfg = Release|Any CPU
		{7B8D1FFD-D6F0-4A00-91CB-8E7D1EC24F50}.Release|Any CPU.Build.0 = Release|Any CPU
	EndGlobalSection
	GlobalSection(SolutionProperties) = preSolution
		HideSolutionNode = FALSE
	EndGlobalSection
	GlobalSection(ExtensibilityGlobals) = postSolution
		SolutionGuid = {E017A5F2-26FA-44DD-BD51-4DA6A8A1013B}
	EndGlobalSection
EndGlobal
