
Microsoft Visual Studio Solution File, Format Version 12.00
# Visual Studio Version 17
VisualStudioVersion = 17.3.32922.545
MinimumVisualStudioVersion = 10.0.40219.1
Project("{FAE04EC0-301F-11D3-BF4B-00C04F79EFBC}") = "9º_exercise", "9º_exercise\9º_exercise.csproj", "{494341AC-F950-4C97-A850-49A72D8B9FA8}"
EndProject
Global
	GlobalSection(SolutionConfigurationPlatforms) = preSolution
		Debug|Any CPU = Debug|Any CPU
		Release|Any CPU = Release|Any CPU
	EndGlobalSection
	GlobalSection(ProjectConfigurationPlatforms) = postSolution
		{494341AC-F950-4C97-A850-49A72D8B9FA8}.Debug|Any CPU.ActiveCfg = Debug|Any CPU
		{494341AC-F950-4C97-A850-49A72D8B9FA8}.Debug|Any CPU.Build.0 = Debug|Any CPU
		{494341AC-F950-4C97-A850-49A72D8B9FA8}.Release|Any CPU.ActiveCfg = Release|Any CPU
		{494341AC-F950-4C97-A850-49A72D8B9FA8}.Release|Any CPU.Build.0 = Release|Any CPU
	EndGlobalSection
	GlobalSection(SolutionProperties) = preSolution
		HideSolutionNode = FALSE
	EndGlobalSection
	GlobalSection(ExtensibilityGlobals) = postSolution
		SolutionGuid = {5ADFD3FE-3599-454A-9EE2-6C0F7B85DDB4}
	EndGlobalSection
EndGlobal
