
Microsoft Visual Studio Solution File, Format Version 12.00
# Visual Studio Version 17
VisualStudioVersion = 17.2.32516.85
MinimumVisualStudioVersion = 10.0.40219.1
Project("{FAE04EC0-301F-11D3-BF4B-00C04F79EFBC}") = "Explicação", "Explicação\Explicação.csproj", "{8A3EC0FC-0D98-469A-8DEB-2F3FF1881A53}"
EndProject
Global
	GlobalSection(SolutionConfigurationPlatforms) = preSolution
		Debug|Any CPU = Debug|Any CPU
		Release|Any CPU = Release|Any CPU
	EndGlobalSection
	GlobalSection(ProjectConfigurationPlatforms) = postSolution
		{8A3EC0FC-0D98-469A-8DEB-2F3FF1881A53}.Debug|Any CPU.ActiveCfg = Debug|Any CPU
		{8A3EC0FC-0D98-469A-8DEB-2F3FF1881A53}.Debug|Any CPU.Build.0 = Debug|Any CPU
		{8A3EC0FC-0D98-469A-8DEB-2F3FF1881A53}.Release|Any CPU.ActiveCfg = Release|Any CPU
		{8A3EC0FC-0D98-469A-8DEB-2F3FF1881A53}.Release|Any CPU.Build.0 = Release|Any CPU
	EndGlobalSection
	GlobalSection(SolutionProperties) = preSolution
		HideSolutionNode = FALSE
	EndGlobalSection
	GlobalSection(ExtensibilityGlobals) = postSolution
		SolutionGuid = {544738DB-00E2-46AA-BE9B-7FD3ACD5B814}
	EndGlobalSection
EndGlobal
