
Microsoft Visual Studio Solution File, Format Version 12.00
# Visual Studio Version 17
VisualStudioVersion = 17.2.32526.322
MinimumVisualStudioVersion = 10.0.40219.1
Project("{FAE04EC0-301F-11D3-BF4B-00C04F79EFBC}") = "6º_exercise", "6º_exercise.csproj", "{DA49C024-F5FA-424B-B964-B92C549789ED}"
EndProject
Global
	GlobalSection(SolutionConfigurationPlatforms) = preSolution
		Debug|Any CPU = Debug|Any CPU
		Release|Any CPU = Release|Any CPU
	EndGlobalSection
	GlobalSection(ProjectConfigurationPlatforms) = postSolution
		{DA49C024-F5FA-424B-B964-B92C549789ED}.Debug|Any CPU.ActiveCfg = Debug|Any CPU
		{DA49C024-F5FA-424B-B964-B92C549789ED}.Debug|Any CPU.Build.0 = Debug|Any CPU
		{DA49C024-F5FA-424B-B964-B92C549789ED}.Release|Any CPU.ActiveCfg = Release|Any CPU
		{DA49C024-F5FA-424B-B964-B92C549789ED}.Release|Any CPU.Build.0 = Release|Any CPU
	EndGlobalSection
	GlobalSection(SolutionProperties) = preSolution
		HideSolutionNode = FALSE
	EndGlobalSection
	GlobalSection(ExtensibilityGlobals) = postSolution
		SolutionGuid = {58FFBD04-2075-4D4E-A108-B74CB5B274D8}
	EndGlobalSection
EndGlobal
