
Microsoft Visual Studio Solution File, Format Version 12.00
# Visual Studio Version 17
VisualStudioVersion = 17.4.33122.133
MinimumVisualStudioVersion = 10.0.40219.1
Project("{FAE04EC0-301F-11D3-BF4B-00C04F79EFBC}") = "GestEmpresa", "GestEmpresa.csproj", "{B5495913-4427-49A5-8F49-F8666FDAB62E}"
EndProject
Global
	GlobalSection(SolutionConfigurationPlatforms) = preSolution
		Debug|Any CPU = Debug|Any CPU
		Release|Any CPU = Release|Any CPU
	EndGlobalSection
	GlobalSection(ProjectConfigurationPlatforms) = postSolution
		{B5495913-4427-49A5-8F49-F8666FDAB62E}.Debug|Any CPU.ActiveCfg = Debug|Any CPU
		{B5495913-4427-49A5-8F49-F8666FDAB62E}.Debug|Any CPU.Build.0 = Debug|Any CPU
		{B5495913-4427-49A5-8F49-F8666FDAB62E}.Release|Any CPU.ActiveCfg = Release|Any CPU
		{B5495913-4427-49A5-8F49-F8666FDAB62E}.Release|Any CPU.Build.0 = Release|Any CPU
	EndGlobalSection
	GlobalSection(SolutionProperties) = preSolution
		HideSolutionNode = FALSE
	EndGlobalSection
	GlobalSection(ExtensibilityGlobals) = postSolution
		SolutionGuid = {C5EEF984-0EB4-43E6-B55A-54B411549461}
	EndGlobalSection
EndGlobal
