
Microsoft Visual Studio Solution File, Format Version 12.00
# Visual Studio Version 17
VisualStudioVersion = 17.2.32526.322
MinimumVisualStudioVersion = 10.0.40219.1
Project("{FAE04EC0-301F-11D3-BF4B-00C04F79EFBC}") = "HerançaEx1", "HerançaEx1.csproj", "{C312068A-B9B3-43A6-B6EE-8C78643FEA4A}"
EndProject
Global
	GlobalSection(SolutionConfigurationPlatforms) = preSolution
		Debug|Any CPU = Debug|Any CPU
		Release|Any CPU = Release|Any CPU
	EndGlobalSection
	GlobalSection(ProjectConfigurationPlatforms) = postSolution
		{C312068A-B9B3-43A6-B6EE-8C78643FEA4A}.Debug|Any CPU.ActiveCfg = Debug|Any CPU
		{C312068A-B9B3-43A6-B6EE-8C78643FEA4A}.Debug|Any CPU.Build.0 = Debug|Any CPU
		{C312068A-B9B3-43A6-B6EE-8C78643FEA4A}.Release|Any CPU.ActiveCfg = Release|Any CPU
		{C312068A-B9B3-43A6-B6EE-8C78643FEA4A}.Release|Any CPU.Build.0 = Release|Any CPU
	EndGlobalSection
	GlobalSection(SolutionProperties) = preSolution
		HideSolutionNode = FALSE
	EndGlobalSection
	GlobalSection(ExtensibilityGlobals) = postSolution
		SolutionGuid = {570A5A7C-A836-4D7B-A42A-3ADB3FBB93CC}
	EndGlobalSection
EndGlobal
